
Microsoft Visual Studio Solution File, Format Version 12.00
# Visual Studio Version 16
VisualStudioVersion = 16.0.30517.126
MinimumVisualStudioVersion = 10.0.40219.1
Project("{FAE04EC0-301F-11D3-BF4B-00C04F79EFBC}") = "WebFrameworksOef1", "WebFrameworksOef1\WebFrameworksOef1.csproj", "{C32DD3EE-CC12-4A4A-9C8A-711C8B0C5574}"
EndProject
Global
	GlobalSection(SolutionConfigurationPlatforms) = preSolution
		Debug|Any CPU = Debug|Any CPU
		Release|Any CPU = Release|Any CPU
	EndGlobalSection
	GlobalSection(ProjectConfigurationPlatforms) = postSolution
		{C32DD3EE-CC12-4A4A-9C8A-711C8B0C5574}.Debug|Any CPU.ActiveCfg = Debug|Any CPU
		{C32DD3EE-CC12-4A4A-9C8A-711C8B0C5574}.Debug|Any CPU.Build.0 = Debug|Any CPU
		{C32DD3EE-CC12-4A4A-9C8A-711C8B0C5574}.Release|Any CPU.ActiveCfg = Release|Any CPU
		{C32DD3EE-CC12-4A4A-9C8A-711C8B0C5574}.Release|Any CPU.Build.0 = Release|Any CPU
	EndGlobalSection
	GlobalSection(SolutionProperties) = preSolution
		HideSolutionNode = FALSE
	EndGlobalSection
	GlobalSection(ExtensibilityGlobals) = postSolution
		SolutionGuid = {3E3A7582-619C-4EAD-B6B0-591DFCA67D5D}
	EndGlobalSection
EndGlobal
