
Microsoft Visual Studio Solution File, Format Version 12.00
# Visual Studio Version 16
VisualStudioVersion = 16.0.30517.126
MinimumVisualStudioVersion = 10.0.40219.1
Project("{FAE04EC0-301F-11D3-BF4B-00C04F79EFBC}") = "TheorieASP.NET", "TheorieASP.NET\TheorieASP.NET.csproj", "{23E96ACD-CF8D-4D2D-B48C-35993B44426A}"
EndProject
Global
	GlobalSection(SolutionConfigurationPlatforms) = preSolution
		Debug|Any CPU = Debug|Any CPU
		Release|Any CPU = Release|Any CPU
	EndGlobalSection
	GlobalSection(ProjectConfigurationPlatforms) = postSolution
		{23E96ACD-CF8D-4D2D-B48C-35993B44426A}.Debug|Any CPU.ActiveCfg = Debug|Any CPU
		{23E96ACD-CF8D-4D2D-B48C-35993B44426A}.Debug|Any CPU.Build.0 = Debug|Any CPU
		{23E96ACD-CF8D-4D2D-B48C-35993B44426A}.Release|Any CPU.ActiveCfg = Release|Any CPU
		{23E96ACD-CF8D-4D2D-B48C-35993B44426A}.Release|Any CPU.Build.0 = Release|Any CPU
	EndGlobalSection
	GlobalSection(SolutionProperties) = preSolution
		HideSolutionNode = FALSE
	EndGlobalSection
	GlobalSection(ExtensibilityGlobals) = postSolution
		SolutionGuid = {23EB3D2E-C8E5-431D-B6C9-0C811C0F3653}
	EndGlobalSection
EndGlobal
